
Microsoft Visual Studio Solution File, Format Version 12.00
# Visual Studio 15
VisualStudioVersion = 15.0.27130.2036
MinimumVisualStudioVersion = 10.0.40219.1
Project("{9A19103F-16F7-4668-BE54-9A1E7A4F7556}") = "Cornhacks2019", "CornHacks2019\Cornhacks2019.csproj", "{9C760B1E-5754-438D-995C-CE91E831DEEE}"
EndProject
Project("{FAE04EC0-301F-11D3-BF4B-00C04F79EFBC}") = "NUnitTestProject1", "NUnitTestProject1\NUnitTestProject1.csproj", "{BFE29E0D-7ECA-4559-9F74-3391E34D93B3}"
EndProject
Global
	GlobalSection(SolutionConfigurationPlatforms) = preSolution
		Debug|Any CPU = Debug|Any CPU
		Release|Any CPU = Release|Any CPU
	EndGlobalSection
	GlobalSection(ProjectConfigurationPlatforms) = postSolution
		{9C760B1E-5754-438D-995C-CE91E831DEEE}.Debug|Any CPU.ActiveCfg = Debug|Any CPU
		{9C760B1E-5754-438D-995C-CE91E831DEEE}.Debug|Any CPU.Build.0 = Debug|Any CPU
		{9C760B1E-5754-438D-995C-CE91E831DEEE}.Release|Any CPU.ActiveCfg = Release|Any CPU
		{9C760B1E-5754-438D-995C-CE91E831DEEE}.Release|Any CPU.Build.0 = Release|Any CPU
		{BFE29E0D-7ECA-4559-9F74-3391E34D93B3}.Debug|Any CPU.ActiveCfg = Debug|Any CPU
		{BFE29E0D-7ECA-4559-9F74-3391E34D93B3}.Debug|Any CPU.Build.0 = Debug|Any CPU
		{BFE29E0D-7ECA-4559-9F74-3391E34D93B3}.Release|Any CPU.ActiveCfg = Release|Any CPU
		{BFE29E0D-7ECA-4559-9F74-3391E34D93B3}.Release|Any CPU.Build.0 = Release|Any CPU
	EndGlobalSection
	GlobalSection(SolutionProperties) = preSolution
		HideSolutionNode = FALSE
	EndGlobalSection
	GlobalSection(ExtensibilityGlobals) = postSolution
		SolutionGuid = {59486C75-07F2-4D81-9EB3-C344C49A58F6}
	EndGlobalSection
EndGlobal
